
Microsoft Visual Studio Solution File, Format Version 12.00
# Visual Studio Version 17
VisualStudioVersion = 17.0.32112.339
MinimumVisualStudioVersion = 10.0.40219.1
Project("{FAE04EC0-301F-11D3-BF4B-00C04F79EFBC}") = "cc.host.validator", "cc.host.validator.csproj", "{671ABFC7-4454-4677-B960-36E1F98B951B}"
EndProject
Project("{FAE04EC0-301F-11D3-BF4B-00C04F79EFBC}") = "cc.validator.data.core", "..\cc.validator.data.core\cc.validator.data.core.csproj", "{E7E5E444-E06D-479B-A6CF-47EE61848043}"
EndProject
Project("{FAE04EC0-301F-11D3-BF4B-00C04F79EFBC}") = "cc.validator.manager", "..\cc.validator.manager\cc.validator.manager.csproj", "{C191E90F-CFA1-4584-B914-CBA9B16992F9}"
EndProject
Project("{FAE04EC0-301F-11D3-BF4B-00C04F79EFBC}") = "cc.unittest", "..\cc.unittest\cc.unittest.csproj", "{C287BFC7-E170-4685-8292-769344325F43}"
EndProject
Global
	GlobalSection(SolutionConfigurationPlatforms) = preSolution
		Debug|Any CPU = Debug|Any CPU
		Release|Any CPU = Release|Any CPU
	EndGlobalSection
	GlobalSection(ProjectConfigurationPlatforms) = postSolution
		{671ABFC7-4454-4677-B960-36E1F98B951B}.Debug|Any CPU.ActiveCfg = Debug|Any CPU
		{671ABFC7-4454-4677-B960-36E1F98B951B}.Debug|Any CPU.Build.0 = Debug|Any CPU
		{671ABFC7-4454-4677-B960-36E1F98B951B}.Release|Any CPU.ActiveCfg = Release|Any CPU
		{671ABFC7-4454-4677-B960-36E1F98B951B}.Release|Any CPU.Build.0 = Release|Any CPU
		{E7E5E444-E06D-479B-A6CF-47EE61848043}.Debug|Any CPU.ActiveCfg = Debug|Any CPU
		{E7E5E444-E06D-479B-A6CF-47EE61848043}.Debug|Any CPU.Build.0 = Debug|Any CPU
		{E7E5E444-E06D-479B-A6CF-47EE61848043}.Release|Any CPU.ActiveCfg = Release|Any CPU
		{E7E5E444-E06D-479B-A6CF-47EE61848043}.Release|Any CPU.Build.0 = Release|Any CPU
		{C191E90F-CFA1-4584-B914-CBA9B16992F9}.Debug|Any CPU.ActiveCfg = Debug|Any CPU
		{C191E90F-CFA1-4584-B914-CBA9B16992F9}.Debug|Any CPU.Build.0 = Debug|Any CPU
		{C191E90F-CFA1-4584-B914-CBA9B16992F9}.Release|Any CPU.ActiveCfg = Release|Any CPU
		{C191E90F-CFA1-4584-B914-CBA9B16992F9}.Release|Any CPU.Build.0 = Release|Any CPU
		{C287BFC7-E170-4685-8292-769344325F43}.Debug|Any CPU.ActiveCfg = Debug|Any CPU
		{C287BFC7-E170-4685-8292-769344325F43}.Debug|Any CPU.Build.0 = Debug|Any CPU
		{C287BFC7-E170-4685-8292-769344325F43}.Release|Any CPU.ActiveCfg = Release|Any CPU
		{C287BFC7-E170-4685-8292-769344325F43}.Release|Any CPU.Build.0 = Release|Any CPU
	EndGlobalSection
	GlobalSection(SolutionProperties) = preSolution
		HideSolutionNode = FALSE
	EndGlobalSection
	GlobalSection(ExtensibilityGlobals) = postSolution
		SolutionGuid = {E3EEDFEE-44B1-46C1-AEC3-1069BEB95A59}
	EndGlobalSection
EndGlobal
